
Microsoft Visual Studio Solution File, Format Version 11.00
# Visual Studio 2010
Project("{FAE04EC0-301F-11D3-BF4B-00C04F79EFBC}") = "Assembly-CSharp", "Assembly-CSharp.csproj", "{BF034230-0A0C-DD8D-EE04-AFB23AEFAE09}"
EndProject
Project("{FAE04EC0-301F-11D3-BF4B-00C04F79EFBC}") = "Assembly-CSharp-firstpass", "Assembly-CSharp-firstpass.csproj", "{66191E78-45B3-989F-B9BE-B47B9B1EBA81}"
EndProject
Project("{FAE04EC0-301F-11D3-BF4B-00C04F79EFBC}") = "Assembly-CSharp-Editor", "Assembly-CSharp-Editor.csproj", "{CEC6467B-AE61-D118-12BF-15C1C8304252}"
EndProject
Project("{FAE04EC0-301F-11D3-BF4B-00C04F79EFBC}") = "Assembly-CSharp-Editor-firstpass", "Assembly-CSharp-Editor-firstpass.csproj", "{645FC2EC-BE41-4EBE-FD92-6F93E6A5AEA4}"
EndProject
Global
	GlobalSection(SolutionConfigurationPlatforms) = preSolution
		Debug|Any CPU = Debug|Any CPU
		Release|Any CPU = Release|Any CPU
	EndGlobalSection
	GlobalSection(ProjectConfigurationPlatforms) = postSolution
		{BF034230-0A0C-DD8D-EE04-AFB23AEFAE09}.Debug|Any CPU.ActiveCfg = Debug|Any CPU
		{BF034230-0A0C-DD8D-EE04-AFB23AEFAE09}.Debug|Any CPU.Build.0 = Debug|Any CPU
		{BF034230-0A0C-DD8D-EE04-AFB23AEFAE09}.Release|Any CPU.ActiveCfg = Release|Any CPU
		{BF034230-0A0C-DD8D-EE04-AFB23AEFAE09}.Release|Any CPU.Build.0 = Release|Any CPU
		{66191E78-45B3-989F-B9BE-B47B9B1EBA81}.Debug|Any CPU.ActiveCfg = Debug|Any CPU
		{66191E78-45B3-989F-B9BE-B47B9B1EBA81}.Debug|Any CPU.Build.0 = Debug|Any CPU
		{66191E78-45B3-989F-B9BE-B47B9B1EBA81}.Release|Any CPU.ActiveCfg = Release|Any CPU
		{66191E78-45B3-989F-B9BE-B47B9B1EBA81}.Release|Any CPU.Build.0 = Release|Any CPU
		{CEC6467B-AE61-D118-12BF-15C1C8304252}.Debug|Any CPU.ActiveCfg = Debug|Any CPU
		{CEC6467B-AE61-D118-12BF-15C1C8304252}.Debug|Any CPU.Build.0 = Debug|Any CPU
		{CEC6467B-AE61-D118-12BF-15C1C8304252}.Release|Any CPU.ActiveCfg = Release|Any CPU
		{CEC6467B-AE61-D118-12BF-15C1C8304252}.Release|Any CPU.Build.0 = Release|Any CPU
		{645FC2EC-BE41-4EBE-FD92-6F93E6A5AEA4}.Debug|Any CPU.ActiveCfg = Debug|Any CPU
		{645FC2EC-BE41-4EBE-FD92-6F93E6A5AEA4}.Debug|Any CPU.Build.0 = Debug|Any CPU
		{645FC2EC-BE41-4EBE-FD92-6F93E6A5AEA4}.Release|Any CPU.ActiveCfg = Release|Any CPU
		{645FC2EC-BE41-4EBE-FD92-6F93E6A5AEA4}.Release|Any CPU.Build.0 = Release|Any CPU
	EndGlobalSection
	GlobalSection(SolutionProperties) = preSolution
		HideSolutionNode = FALSE
	EndGlobalSection
	GlobalSection(MonoDevelopProperties) = preSolution
		StartupItem = Assembly-CSharp.csproj
	EndGlobalSection
EndGlobal
